
Microsoft Visual Studio Solution File, Format Version 12.00
# Visual Studio Version 16
VisualStudioVersion = 16.0.31515.178
MinimumVisualStudioVersion = 10.0.40219.1
Project("{FAE04EC0-301F-11D3-BF4B-00C04F79EFBC}") = "task1", "task1\task1.csproj", "{C6BB2F00-F2EB-4DF6-94F2-F80A51BBB955}"
EndProject
Global
	GlobalSection(SolutionConfigurationPlatforms) = preSolution
		Debug|Any CPU = Debug|Any CPU
		Release|Any CPU = Release|Any CPU
	EndGlobalSection
	GlobalSection(ProjectConfigurationPlatforms) = postSolution
		{C6BB2F00-F2EB-4DF6-94F2-F80A51BBB955}.Debug|Any CPU.ActiveCfg = Debug|Any CPU
		{C6BB2F00-F2EB-4DF6-94F2-F80A51BBB955}.Debug|Any CPU.Build.0 = Debug|Any CPU
		{C6BB2F00-F2EB-4DF6-94F2-F80A51BBB955}.Release|Any CPU.ActiveCfg = Release|Any CPU
		{C6BB2F00-F2EB-4DF6-94F2-F80A51BBB955}.Release|Any CPU.Build.0 = Release|Any CPU
	EndGlobalSection
	GlobalSection(SolutionProperties) = preSolution
		HideSolutionNode = FALSE
	EndGlobalSection
	GlobalSection(ExtensibilityGlobals) = postSolution
		SolutionGuid = {B3CF261F-CE36-4F8C-A4FB-31DA5A92B648}
	EndGlobalSection
EndGlobal
